{
    "_readme": [
        "This file locks the dependencies of your project to a known state",
        "Read more about it at https://getcomposer.org/doc/01-basic-usage.md#installing-dependencies",
        "This file is @generated automatically"
    ],
    "content-hash": "c9e213fe1d6d46fb6a4f3bcaa8e86636",
    "packages": [
        {
            "name": "flc/dysms",
            "version": "v1.0.2",
            "source": {
                "type": "git",
                "url": "https://github.com/flc1125/dysms.git",
                "reference": "a32a8f7ae8a493d4eb48a8d82c200b3b358c74d1"
            },
            "dist": {
                "type": "zip",
                "url": "https://api.github.com/repos/flc1125/dysms/zipball/a32a8f7ae8a493d4eb48a8d82c200b3b358c74d1",
                "reference": "a32a8f7ae8a493d4eb48a8d82c200b3b358c74d1",
                "shasum": ""
            },
            "require": {
                "php": ">=5.4.0"
            },
            "type": "library",
            "autoload": {
                "psr-4": {
                    "Flc\\Dysms\\": "src/"
                }
            },
            "notification-url": "https://packagist.org/downloads/",
            "license": [
                "MIT"
            ],
            "description": "阿里短信-适用Laravel、Yii、Thinkphp等任何PHP项目...",
            "keywords": [
                "alisms",
                "aliyun",
                "dysms",
                "flc",
                "阿里短信"
            ],
            "time": "2018-01-16T03:55:46+00:00"
        },
        {
            "name": "markbaker/complex",
            "version": "1.4.6",
            "source": {
                "type": "git",
                "url": "https://github.com/MarkBaker/PHPComplex.git",
                "reference": "a78d82ae4e682c3809fc3023d1b0ce654f6ab12b"
            },
            "dist": {
                "type": "zip",
                "url": "https://api.github.com/repos/MarkBaker/PHPComplex/zipball/a78d82ae4e682c3809fc3023d1b0ce654f6ab12b",
                "reference": "a78d82ae4e682c3809fc3023d1b0ce654f6ab12b",
                "shasum": ""
            },
            "require": {
                "php": "^5.6.0|^7.0.0"
            },
            "require-dev": {
                "dealerdirect/phpcodesniffer-composer-installer": "^0.4.3",
                "phpcompatibility/php-compatibility": "^8.0",
                "phpdocumentor/phpdocumentor": "2.*",
                "phploc/phploc": "2.*",
                "phpmd/phpmd": "2.*",
                "phpunit/phpunit": "^4.8.35|^5.4.0",
                "sebastian/phpcpd": "2.*",
                "squizlabs/php_codesniffer": "^3.3.0"
            },
            "type": "library",
            "autoload": {
                "psr-4": {
                    "Complex\\": "classes/src/"
                },
                "files": [
                    "classes/src/functions/abs.php",
                    "classes/src/functions/acos.php",
                    "classes/src/functions/acosh.php",
                    "classes/src/functions/acot.php",
                    "classes/src/functions/acoth.php",
                    "classes/src/functions/acsc.php",
                    "classes/src/functions/acsch.php",
                    "classes/src/functions/argument.php",
                    "classes/src/functions/asec.php",
                    "classes/src/functions/asech.php",
                    "classes/src/functions/asin.php",
                    "classes/src/functions/asinh.php",
                    "classes/src/functions/atan.php",
                    "classes/src/functions/atanh.php",
                    "classes/src/functions/conjugate.php",
                    "classes/src/functions/cos.php",
                    "classes/src/functions/cosh.php",
                    "classes/src/functions/cot.php",
                    "classes/src/functions/coth.php",
                    "classes/src/functions/csc.php",
                    "classes/src/functions/csch.php",
                    "classes/src/functions/exp.php",
                    "classes/src/functions/inverse.php",
                    "classes/src/functions/ln.php",
                    "classes/src/functions/log2.php",
                    "classes/src/functions/log10.php",
                    "classes/src/functions/negative.php",
                    "classes/src/functions/pow.php",
                    "classes/src/functions/rho.php",
                    "classes/src/functions/sec.php",
                    "classes/src/functions/sech.php",
                    "classes/src/functions/sin.php",
                    "classes/src/functions/sinh.php",
                    "classes/src/functions/sqrt.php",
                    "classes/src/functions/tan.php",
                    "classes/src/functions/tanh.php",
                    "classes/src/functions/theta.php",
                    "classes/src/operations/add.php",
                    "classes/src/operations/subtract.php",
                    "classes/src/operations/multiply.php",
                    "classes/src/operations/divideby.php",
                    "classes/src/operations/divideinto.php"
                ]
            },
            "notification-url": "https://packagist.org/downloads/",
            "license": [
                "MIT"
            ],
            "authors": [
                {
                    "name": "Mark Baker",
                    "email": "mark@lange.demon.co.uk"
                }
            ],
            "description": "PHP Class for working with complex numbers",
            "homepage": "https://github.com/MarkBaker/PHPComplex",
            "keywords": [
                "complex",
                "mathematics"
            ],
            "time": "2018-07-31T08:38:40+00:00"
        },
        {
            "name": "phpoffice/phpspreadsheet",
            "version": "1.4.0",
            "source": {
                "type": "git",
                "url": "https://github.com/PHPOffice/PhpSpreadsheet.git",
                "reference": "125f462a718956f37d81305ca0df4f17cef0f3b9"
            },
            "dist": {
                "type": "zip",
                "url": "https://api.github.com/repos/PHPOffice/PhpSpreadsheet/zipball/125f462a718956f37d81305ca0df4f17cef0f3b9",
                "reference": "125f462a718956f37d81305ca0df4f17cef0f3b9",
                "shasum": ""
            },
            "require": {
                "ext-ctype": "*",
                "ext-dom": "*",
                "ext-gd": "*",
                "ext-iconv": "*",
                "ext-libxml": "*",
                "ext-mbstring": "*",
                "ext-simplexml": "*",
                "ext-xml": "*",
                "ext-xmlreader": "*",
                "ext-xmlwriter": "*",
                "ext-zip": "*",
                "ext-zlib": "*",
                "markbaker/complex": "^1.4.1",
                "php": "^5.6|^7.0",
                "psr/simple-cache": "^1.0"
            },
            "require-dev": {
                "dompdf/dompdf": "^0.8.0",
                "friendsofphp/php-cs-fixer": "@stable",
                "jpgraph/jpgraph": "^4.0",
                "mpdf/mpdf": "^7.0.0",
                "phpunit/phpunit": "^5.7",
                "squizlabs/php_codesniffer": "^3.3",
                "tecnickcom/tcpdf": "^6.2"
            },
            "suggest": {
                "dompdf/dompdf": "Option for rendering PDF with PDF Writer",
                "jpgraph/jpgraph": "Option for rendering charts, or including charts with PDF or HTML Writers",
                "mpdf/mpdf": "Option for rendering PDF with PDF Writer",
                "tecnick.com/tcpdf": "Option for rendering PDF with PDF Writer"
            },
            "type": "library",
            "autoload": {
                "psr-4": {
                    "PhpOffice\\PhpSpreadsheet\\": "src/PhpSpreadsheet"
                }
            },
            "notification-url": "https://packagist.org/downloads/",
            "license": [
                "LGPL-2.1-or-later"
            ],
            "authors": [
                {
                    "name": "Maarten Balliauw",
                    "homepage": "http://blog.maartenballiauw.be"
                },
                {
                    "name": "Erik Tilt"
                },
                {
                    "name": "Franck Lefevre",
                    "homepage": "http://rootslabs.net"
                },
                {
                    "name": "Mark Baker",
                    "homepage": "http://markbakeruk.net"
                }
            ],
            "description": "PHPSpreadsheet - Read, Create and Write Spreadsheet documents in PHP - Spreadsheet engine",
            "homepage": "https://github.com/PHPOffice/PhpSpreadsheet",
            "keywords": [
                "OpenXML",
                "excel",
                "gnumeric",
                "ods",
                "php",
                "spreadsheet",
                "xls",
                "xlsx"
            ],
            "time": "2018-08-06T02:58:06+00:00"
        },
        {
            "name": "psr/simple-cache",
            "version": "1.0.1",
            "source": {
                "type": "git",
                "url": "https://github.com/php-fig/simple-cache.git",
                "reference": "408d5eafb83c57f6365a3ca330ff23aa4a5fa39b"
            },
            "dist": {
                "type": "zip",
                "url": "https://api.github.com/repos/php-fig/simple-cache/zipball/408d5eafb83c57f6365a3ca330ff23aa4a5fa39b",
                "reference": "408d5eafb83c57f6365a3ca330ff23aa4a5fa39b",
                "shasum": ""
            },
            "require": {
                "php": ">=5.3.0"
            },
            "type": "library",
            "extra": {
                "branch-alias": {
                    "dev-master": "1.0.x-dev"
                }
            },
            "autoload": {
                "psr-4": {
                    "Psr\\SimpleCache\\": "src/"
                }
            },
            "notification-url": "https://packagist.org/downloads/",
            "license": [
                "MIT"
            ],
            "authors": [
                {
                    "name": "PHP-FIG",
                    "homepage": "http://www.php-fig.org/"
                }
            ],
            "description": "Common interfaces for simple caching",
            "keywords": [
                "cache",
                "caching",
                "psr",
                "psr-16",
                "simple-cache"
            ],
            "time": "2017-10-23T01:57:42+00:00"
        },
        {
            "name": "topthink/framework",
            "version": "v5.1.41",
            "source": {
                "type": "git",
                "url": "https://github.com/top-think/framework.git",
                "reference": "7137741a323a4a60cfca334507cd1812fac91bb2"
            },
            "dist": {
                "type": "zip",
                "url": "https://api.github.com/repos/top-think/framework/zipball/7137741a323a4a60cfca334507cd1812fac91bb2",
                "reference": "7137741a323a4a60cfca334507cd1812fac91bb2",
                "shasum": ""
            },
            "require": {
                "php": ">=5.6.0",
                "topthink/think-installer": "2.*"
            },
            "require-dev": {
                "johnkary/phpunit-speedtrap": "^1.0",
                "mikey179/vfsstream": "~1.6",
                "phpdocumentor/reflection-docblock": "^2.0",
                "phploc/phploc": "2.*",
                "phpunit/phpunit": "^5.0|^6.0",
                "sebastian/phpcpd": "2.*",
                "squizlabs/php_codesniffer": "2.*"
            },
            "type": "think-framework",
            "notification-url": "https://packagist.org/downloads/",
            "license": [
                "Apache-2.0"
            ],
            "authors": [
                {
                    "name": "liu21st",
                    "email": "liu21st@gmail.com"
                },
                {
                    "name": "yunwuxin",
                    "email": "448901948@qq.com"
                }
            ],
            "description": "the new thinkphp framework",
            "homepage": "http://thinkphp.cn/",
            "keywords": [
                "framework",
                "orm",
                "thinkphp"
            ],
            "support": {
                "issues": "https://github.com/top-think/framework/issues",
                "source": "https://github.com/top-think/framework/tree/v5.1.41"
            },
            "time": "2021-01-11T02:51:29+00:00"
        },
        {
            "name": "topthink/think-captcha",
            "version": "v1.0.7",
            "source": {
                "type": "git",
                "url": "https://github.com/top-think/think-captcha.git",
                "reference": "0c55455df26a1626a60d0dc35d2d89002b741d44"
            },
            "dist": {
                "type": "zip",
                "url": "https://api.github.com/repos/top-think/think-captcha/zipball/0c55455df26a1626a60d0dc35d2d89002b741d44",
                "reference": "0c55455df26a1626a60d0dc35d2d89002b741d44",
                "shasum": ""
            },
            "type": "library",
            "autoload": {
                "psr-4": {
                    "think\\captcha\\": "src/"
                },
                "files": [
                    "src/helper.php"
                ]
            },
            "notification-url": "https://packagist.org/downloads/",
            "license": [
                "Apache-2.0"
            ],
            "authors": [
                {
                    "name": "yunwuxin",
                    "email": "448901948@qq.com"
                }
            ],
            "description": "captcha package for thinkphp5",
            "time": "2016-07-06T01:47:11+00:00"
        },
        {
            "name": "topthink/think-helper",
            "version": "v1.0.6",
            "source": {
                "type": "git",
                "url": "https://github.com/top-think/think-helper.git",
                "reference": "0c99dc625b0d2d4124e1b6ca15a3ad6f0125963f"
            },
            "dist": {
                "type": "zip",
                "url": "https://api.github.com/repos/top-think/think-helper/zipball/0c99dc625b0d2d4124e1b6ca15a3ad6f0125963f",
                "reference": "0c99dc625b0d2d4124e1b6ca15a3ad6f0125963f",
                "shasum": ""
            },
            "type": "library",
            "autoload": {
                "psr-4": {
                    "think\\helper\\": "src"
                },
                "files": [
                    "src/helper.php"
                ]
            },
            "notification-url": "https://packagist.org/downloads/",
            "license": [
                "Apache-2.0"
            ],
            "authors": [
                {
                    "name": "yunwuxin",
                    "email": "448901948@qq.com"
                }
            ],
            "description": "The ThinkPHP5 Helper Package",
            "time": "2017-04-05T07:15:37+00:00"
        },
        {
            "name": "topthink/think-image",
            "version": "v1.0.7",
            "source": {
                "type": "git",
                "url": "https://github.com/top-think/think-image.git",
                "reference": "8586cf47f117481c6d415b20f7dedf62e79d5512"
            },
            "dist": {
                "type": "zip",
                "url": "https://api.github.com/repos/top-think/think-image/zipball/8586cf47f117481c6d415b20f7dedf62e79d5512",
                "reference": "8586cf47f117481c6d415b20f7dedf62e79d5512",
                "shasum": ""
            },
            "require": {
                "ext-gd": "*"
            },
            "require-dev": {
                "phpunit/phpunit": "4.8.*",
                "topthink/framework": "^5.0"
            },
            "type": "library",
            "autoload": {
                "psr-4": {
                    "think\\": "src"
                }
            },
            "notification-url": "https://packagist.org/downloads/",
            "license": [
                "Apache-2.0"
            ],
            "authors": [
                {
                    "name": "yunwuxin",
                    "email": "448901948@qq.com"
                }
            ],
            "description": "The ThinkPHP5 Image Package",
            "time": "2016-09-29T06:05:43+00:00"
        },
        {
            "name": "topthink/think-installer",
            "version": "v2.0.5",
            "source": {
                "type": "git",
                "url": "https://github.com/top-think/think-installer.git",
                "reference": "38ba647706e35d6704b5d370c06f8a160b635f88"
            },
            "dist": {
                "type": "zip",
                "url": "https://api.github.com/repos/top-think/think-installer/zipball/38ba647706e35d6704b5d370c06f8a160b635f88",
                "reference": "38ba647706e35d6704b5d370c06f8a160b635f88",
                "shasum": ""
            },
            "require": {
                "composer-plugin-api": "^1.0||^2.0"
            },
            "require-dev": {
                "composer/composer": "^1.0||^2.0"
            },
            "type": "composer-plugin",
            "extra": {
                "class": "think\\composer\\Plugin"
            },
            "autoload": {
                "psr-4": {
                    "think\\composer\\": "src"
                }
            },
            "notification-url": "https://packagist.org/downloads/",
            "license": [
                "Apache-2.0"
            ],
            "authors": [
                {
                    "name": "yunwuxin",
                    "email": "448901948@qq.com"
                }
            ],
            "support": {
                "issues": "https://github.com/top-think/think-installer/issues",
                "source": "https://github.com/top-think/think-installer/tree/v2.0.5"
            },
            "time": "2021-01-14T12:12:14+00:00"
        },
        {
            "name": "topthink/think-migration",
            "version": "v1.1.1",
            "source": {
                "type": "git",
                "url": "https://github.com/top-think/think-migration.git",
                "reference": "8e489f8d38a39876690c0e00fcf9a54ae92c4d3d"
            },
            "dist": {
                "type": "zip",
                "url": "https://api.github.com/repos/top-think/think-migration/zipball/8e489f8d38a39876690c0e00fcf9a54ae92c4d3d",
                "reference": "8e489f8d38a39876690c0e00fcf9a54ae92c4d3d",
                "shasum": ""
            },
            "require-dev": {
                "topthink/framework": "^5.0"
            },
            "type": "library",
            "autoload": {
                "psr-4": {
                    "Phinx\\": "phinx/src/Phinx",
                    "think\\migration\\": "src"
                },
                "files": [
                    "src/config.php"
                ]
            },
            "notification-url": "https://packagist.org/downloads/",
            "license": [
                "Apache-2.0"
            ],
            "authors": [
                {
                    "name": "yunwuxin",
                    "email": "448901948@qq.com"
                }
            ],
            "time": "2017-03-31T06:33:23+00:00"
        },
        {
            "name": "topthink/think-mongo",
            "version": "v1.8.2",
            "source": {
                "type": "git",
                "url": "https://github.com/top-think/think-mongo.git",
                "reference": "5433e971b4892b09cbec49090c690f5d4350a981"
            },
            "dist": {
                "type": "zip",
                "url": "https://api.github.com/repos/top-think/think-mongo/zipball/5433e971b4892b09cbec49090c690f5d4350a981",
                "reference": "5433e971b4892b09cbec49090c690f5d4350a981",
                "shasum": ""
            },
            "type": "library",
            "autoload": {
                "psr-4": {
                    "think\\mongo\\": "src"
                },
                "files": []
            },
            "notification-url": "https://packagist.org/downloads/",
            "license": [
                "Apache-2.0"
            ],
            "authors": [
                {
                    "name": "liu21st",
                    "email": "liu21st@gmail.com"
                }
            ],
            "description": "mongodb driver for thinkphp5",
            "time": "2018-01-30T07:12:02+00:00"
        },
        {
            "name": "topthink/think-oracle",
            "version": "v1.2",
            "source": {
                "type": "git",
                "url": "https://github.com/top-think/think-oracle.git",
                "reference": "02e902b0cc63502e60995431a0da521454cd6f34"
            },
            "dist": {
                "type": "zip",
                "url": "https://api.github.com/repos/top-think/think-oracle/zipball/02e902b0cc63502e60995431a0da521454cd6f34",
                "reference": "02e902b0cc63502e60995431a0da521454cd6f34",
                "shasum": ""
            },
            "type": "library",
            "autoload": {
                "psr-4": {
                    "think\\oracle\\": "src"
                },
                "files": []
            },
            "notification-url": "https://packagist.org/downloads/",
            "license": [
                "Apache-2.0"
            ],
            "authors": [
                {
                    "name": "liu21st",
                    "email": "liu21st@gmail.com"
                }
            ],
            "description": "Oracle driver for thinkphp5",
            "time": "2017-02-06T02:03:03+00:00"
        },
        {
            "name": "topthink/think-queue",
            "version": "v1.1.4",
            "source": {
                "type": "git",
                "url": "https://github.com/top-think/think-queue.git",
                "reference": "ad709611d516e13d6760234bc98e91faa901cae8"
            },
            "dist": {
                "type": "zip",
                "url": "https://api.github.com/repos/top-think/think-queue/zipball/ad709611d516e13d6760234bc98e91faa901cae8",
                "reference": "ad709611d516e13d6760234bc98e91faa901cae8",
                "shasum": ""
            },
            "require": {
                "topthink/think-helper": ">=1.0.4",
                "topthink/think-installer": ">=1.0.10"
            },
            "type": "think-extend",
            "extra": {
                "think-config": {
                    "queue": "src/config.php"
                }
            },
            "autoload": {
                "psr-4": {
                    "think\\": "src"
                },
                "files": [
                    "src/common.php"
                ]
            },
            "notification-url": "https://packagist.org/downloads/",
            "license": [
                "Apache-2.0"
            ],
            "authors": [
                {
                    "name": "yunwuxin",
                    "email": "448901948@qq.com"
                }
            ],
            "description": "The ThinkPHP5 Queue Package",
            "time": "2017-06-25T00:49:56+00:00"
        }
    ],
    "packages-dev": [],
    "aliases": [],
    "minimum-stability": "stable",
    "stability-flags": [],
    "prefer-stable": false,
    "prefer-lowest": false,
    "platform": {
        "php": ">=5.4.0"
    },
    "platform-dev": [],
    "plugin-api-version": "2.2.0"
}
